
Microsoft Visual Studio Solution File, Format Version 12.00
# Visual Studio 15
VisualStudioVersion = 15.0.28307.2017
MinimumVisualStudioVersion = 10.0.40219.1
Project("{8BC9CEB8-8B4A-11D0-8D11-00A0C91BC942}") = "FunctionDZ", "FunctionDZ\FunctionDZ.vcxproj", "{AA5CDC8C-9D3E-4733-BB0C-11C218BDEDF5}"
EndProject
Global
	GlobalSection(SolutionConfigurationPlatforms) = preSolution
		Debug|x64 = Debug|x64
		Debug|x86 = Debug|x86
		Release|x64 = Release|x64
		Release|x86 = Release|x86
	EndGlobalSection
	GlobalSection(ProjectConfigurationPlatforms) = postSolution
		{AA5CDC8C-9D3E-4733-BB0C-11C218BDEDF5}.Debug|x64.ActiveCfg = Debug|x64
		{AA5CDC8C-9D3E-4733-BB0C-11C218BDEDF5}.Debug|x64.Build.0 = Debug|x64
		{AA5CDC8C-9D3E-4733-BB0C-11C218BDEDF5}.Debug|x86.ActiveCfg = Debug|Win32
		{AA5CDC8C-9D3E-4733-BB0C-11C218BDEDF5}.Debug|x86.Build.0 = Debug|Win32
		{AA5CDC8C-9D3E-4733-BB0C-11C218BDEDF5}.Release|x64.ActiveCfg = Release|x64
		{AA5CDC8C-9D3E-4733-BB0C-11C218BDEDF5}.Release|x64.Build.0 = Release|x64
		{AA5CDC8C-9D3E-4733-BB0C-11C218BDEDF5}.Release|x86.ActiveCfg = Release|Win32
		{AA5CDC8C-9D3E-4733-BB0C-11C218BDEDF5}.Release|x86.Build.0 = Release|Win32
	EndGlobalSection
	GlobalSection(SolutionProperties) = preSolution
		HideSolutionNode = FALSE
	EndGlobalSection
	GlobalSection(ExtensibilityGlobals) = postSolution
		SolutionGuid = {672DAFDA-814F-476C-9E19-0AC4B6A79165}
	EndGlobalSection
EndGlobal
